// !$*UTF8*$!
{
	archiveVersion = 1;
	classes = {
	};
	objectVersion = 56;
	objects = {

/* Begin PBXBuildFile section */
		86B5C90D2FC7915200F756CA /* GoogleService-Info.plist in Resources */ = {isa = PBXBuildFile; fileRef = 86B5C90C2FC7915200F756CA /* GoogleService-Info.plist */; };
		86B5C9102FC7923600F756CA /* FirebaseAuth in Frameworks */ = {isa = PBXBuildFile; productRef = 86B5C90F2FC7923600F756CA /* FirebaseAuth */; };
		86B5C9122FC7923600F756CA /* FirebaseFirestore in Frameworks */ = {isa = PBXBuildFile; productRef = 86B5C9112FC7923600F756CA /* FirebaseFirestore */; };
		86B5C9132FC7923600F756CA /* FirebaseStorage in Frameworks */ = {isa = PBXBuildFile; productRef = 86B5C9142FC7923600F756CA /* FirebaseStorage */; };
		AA000030 /* UserProfile.swift in Sources */ = {isa = PBXBuildFile; fileRef = AB000030 /* UserProfile.swift */; };
		AA000031 /* AuthenticationService.swift in Sources */ = {isa = PBXBuildFile; fileRef = AB000031 /* AuthenticationService.swift */; };
		AA000032 /* SignInView.swift in Sources */ = {isa = PBXBuildFile; fileRef = AB000032 /* SignInView.swift */; };
		AA000033 /* CloudSyncService.swift in Sources */ = {isa = PBXBuildFile; fileRef = AB000033 /* CloudSyncService.swift */; };
		AA000034 /* ProgressPhoto.swift in Sources */ = {isa = PBXBuildFile; fileRef = AB000034 /* ProgressPhoto.swift */; };
		AA000035 /* PhotoStorageService.swift in Sources */ = {isa = PBXBuildFile; fileRef = AB000035 /* PhotoStorageService.swift */; };
		AA000036 /* PhotoCaptureSheet.swift in Sources */ = {isa = PBXBuildFile; fileRef = AB000036 /* PhotoCaptureSheet.swift */; };
		AA000037 /* GallerySection.swift in Sources */ = {isa = PBXBuildFile; fileRef = AB000037 /* GallerySection.swift */; };
		AA000038 /* OnboardingFlow.swift in Sources */ = {isa = PBXBuildFile; fileRef = AB000038 /* OnboardingFlow.swift */; };
		AA000039 /* ClosingRitualView.swift in Sources */ = {isa = PBXBuildFile; fileRef = AB000039 /* ClosingRitualView.swift */; };
		AA000040 /* MarbleFont.swift in Sources */ = {isa = PBXBuildFile; fileRef = AB000040 /* MarbleFont.swift */; };
		AA000041 /* MarbleColor.swift in Sources */ = {isa = PBXBuildFile; fileRef = AB000041 /* MarbleColor.swift */; };
		AA000042 /* MarbleButtonStyle.swift in Sources */ = {isa = PBXBuildFile; fileRef = AB000042 /* MarbleButtonStyle.swift */; };
		AA000043 /* SettingsView.swift in Sources */ = {isa = PBXBuildFile; fileRef = AB000043 /* SettingsView.swift */; };
		AA000050 /* MarbleGlass.swift in Sources */ = {isa = PBXBuildFile; fileRef = AB000050 /* MarbleGlass.swift */; };
		AA000052 /* MarbleDate.swift in Sources */ = {isa = PBXBuildFile; fileRef = AB000052 /* MarbleDate.swift */; };
		AA000051 /* BodyweightEntry.swift in Sources */ = {isa = PBXBuildFile; fileRef = AB000051 /* BodyweightEntry.swift */; };
		AA000001 /* MarbleApp.swift in Sources */ = {isa = PBXBuildFile; fileRef = AB000001 /* MarbleApp.swift */; };
		AA000002 /* ContentView.swift in Sources */ = {isa = PBXBuildFile; fileRef = AB000002 /* ContentView.swift */; };
		AA000003 /* Exercise.swift in Sources */ = {isa = PBXBuildFile; fileRef = AB000003 /* Exercise.swift */; };
		AA000004 /* WorkoutTemplate.swift in Sources */ = {isa = PBXBuildFile; fileRef = AB000004 /* WorkoutTemplate.swift */; };
		AA000005 /* Workout.swift in Sources */ = {isa = PBXBuildFile; fileRef = AB000005 /* Workout.swift */; };
		AA000006 /* ExerciseLog.swift in Sources */ = {isa = PBXBuildFile; fileRef = AB000006 /* ExerciseLog.swift */; };
		AA000007 /* WorkoutSet.swift in Sources */ = {isa = PBXBuildFile; fileRef = AB000007 /* WorkoutSet.swift */; };
		AA000008 /* TrainView.swift in Sources */ = {isa = PBXBuildFile; fileRef = AB000008 /* TrainView.swift */; };
		AA000009 /* TrackView.swift in Sources */ = {isa = PBXBuildFile; fileRef = AB000009 /* TrackView.swift */; };
		AA000010 /* YouView.swift in Sources */ = {isa = PBXBuildFile; fileRef = AB000010 /* YouView.swift */; };
		AA000011 /* Assets.xcassets in Resources */ = {isa = PBXBuildFile; fileRef = AB000011 /* Assets.xcassets */; };
		AA000012 /* Preview Assets.xcassets in Resources */ = {isa = PBXBuildFile; fileRef = AB000012 /* Preview Assets.xcassets */; };
		AA000015 /* ActiveWorkoutView.swift in Sources */ = {isa = PBXBuildFile; fileRef = AB000015 /* ActiveWorkoutView.swift */; };
		AA000016 /* SectionHeader.swift in Sources */ = {isa = PBXBuildFile; fileRef = AB000016 /* SectionHeader.swift */; };
		AA000017 /* ExerciseSeed.swift in Sources */ = {isa = PBXBuildFile; fileRef = AB000017 /* ExerciseSeed.swift */; };
		AA000018 /* ExerciseLibraryView.swift in Sources */ = {isa = PBXBuildFile; fileRef = AB000018 /* ExerciseLibraryView.swift */; };
		AA000019 /* TemplateDetailSheet.swift in Sources */ = {isa = PBXBuildFile; fileRef = AB000019 /* TemplateDetailSheet.swift */; };
		AA000020 /* TemplateEditorView.swift in Sources */ = {isa = PBXBuildFile; fileRef = AB000020 /* TemplateEditorView.swift */; };
		AA000021 /* PreviousPerformance.swift in Sources */ = {isa = PBXBuildFile; fileRef = AB000021 /* PreviousPerformance.swift */; };
		AA000022 /* RestTimerView.swift in Sources */ = {isa = PBXBuildFile; fileRef = AB000022 /* RestTimerView.swift */; };
		AA000023 /* WorkoutDetailView.swift in Sources */ = {isa = PBXBuildFile; fileRef = AB000023 /* WorkoutDetailView.swift */; };
		AA000024 /* TrackedLift.swift in Sources */ = {isa = PBXBuildFile; fileRef = AB000024 /* TrackedLift.swift */; };
		AA000025 /* ExerciseLiftDetailView.swift in Sources */ = {isa = PBXBuildFile; fileRef = AB000025 /* ExerciseLiftDetailView.swift */; };
		AA000026 /* ABCFavoritVariable-Trial.ttf in Resources */ = {isa = PBXBuildFile; fileRef = AB000026 /* ABCFavoritVariable-Trial.ttf */; };
		AA000027 /* ABCFavoritMonoVariable-Trial.ttf in Resources */ = {isa = PBXBuildFile; fileRef = AB000027 /* ABCFavoritMonoVariable-Trial.ttf */; };
		AA000029 /* NothingYouCouldDo-Regular.ttf in Resources */ = {isa = PBXBuildFile; fileRef = AB000029 /* NothingYouCouldDo-Regular.ttf */; };
/* End PBXBuildFile section */

/* Begin PBXFileReference section */
		86B5C90C2FC7915200F756CA /* GoogleService-Info.plist */ = {isa = PBXFileReference; lastKnownFileType = text.plist.xml; path = "GoogleService-Info.plist"; sourceTree = "<group>"; };
		AB000030 /* UserProfile.swift */ = {isa = PBXFileReference; lastKnownFileType = sourcecode.swift; path = UserProfile.swift; sourceTree = "<group>"; };
		AB000031 /* AuthenticationService.swift */ = {isa = PBXFileReference; lastKnownFileType = sourcecode.swift; path = AuthenticationService.swift; sourceTree = "<group>"; };
		AB000032 /* SignInView.swift */ = {isa = PBXFileReference; lastKnownFileType = sourcecode.swift; path = SignInView.swift; sourceTree = "<group>"; };
		AB000033 /* CloudSyncService.swift */ = {isa = PBXFileReference; lastKnownFileType = sourcecode.swift; path = CloudSyncService.swift; sourceTree = "<group>"; };
		AB000034 /* ProgressPhoto.swift */ = {isa = PBXFileReference; lastKnownFileType = sourcecode.swift; path = ProgressPhoto.swift; sourceTree = "<group>"; };
		AB000035 /* PhotoStorageService.swift */ = {isa = PBXFileReference; lastKnownFileType = sourcecode.swift; path = PhotoStorageService.swift; sourceTree = "<group>"; };
		AB000036 /* PhotoCaptureSheet.swift */ = {isa = PBXFileReference; lastKnownFileType = sourcecode.swift; path = PhotoCaptureSheet.swift; sourceTree = "<group>"; };
		AB000037 /* GallerySection.swift */ = {isa = PBXFileReference; lastKnownFileType = sourcecode.swift; path = GallerySection.swift; sourceTree = "<group>"; };
		AB000038 /* OnboardingFlow.swift */ = {isa = PBXFileReference; lastKnownFileType = sourcecode.swift; path = OnboardingFlow.swift; sourceTree = "<group>"; };
		AB000039 /* ClosingRitualView.swift */ = {isa = PBXFileReference; lastKnownFileType = sourcecode.swift; path = ClosingRitualView.swift; sourceTree = "<group>"; };
		AB000040 /* MarbleFont.swift */ = {isa = PBXFileReference; lastKnownFileType = sourcecode.swift; path = MarbleFont.swift; sourceTree = "<group>"; };
		AB000041 /* MarbleColor.swift */ = {isa = PBXFileReference; lastKnownFileType = sourcecode.swift; path = MarbleColor.swift; sourceTree = "<group>"; };
		AB000042 /* MarbleButtonStyle.swift */ = {isa = PBXFileReference; lastKnownFileType = sourcecode.swift; path = MarbleButtonStyle.swift; sourceTree = "<group>"; };
		AB000043 /* SettingsView.swift */ = {isa = PBXFileReference; lastKnownFileType = sourcecode.swift; path = SettingsView.swift; sourceTree = "<group>"; };
		AB000050 /* MarbleGlass.swift */ = {isa = PBXFileReference; lastKnownFileType = sourcecode.swift; path = MarbleGlass.swift; sourceTree = "<group>"; };
		AB000052 /* MarbleDate.swift */ = {isa = PBXFileReference; lastKnownFileType = sourcecode.swift; path = MarbleDate.swift; sourceTree = "<group>"; };
		AB000051 /* BodyweightEntry.swift */ = {isa = PBXFileReference; lastKnownFileType = sourcecode.swift; path = BodyweightEntry.swift; sourceTree = "<group>"; };
		AB000001 /* MarbleApp.swift */ = {isa = PBXFileReference; lastKnownFileType = sourcecode.swift; path = MarbleApp.swift; sourceTree = "<group>"; };
		AB000002 /* ContentView.swift */ = {isa = PBXFileReference; lastKnownFileType = sourcecode.swift; path = ContentView.swift; sourceTree = "<group>"; };
		AB000003 /* Exercise.swift */ = {isa = PBXFileReference; lastKnownFileType = sourcecode.swift; path = Exercise.swift; sourceTree = "<group>"; };
		AB000004 /* WorkoutTemplate.swift */ = {isa = PBXFileReference; lastKnownFileType = sourcecode.swift; path = WorkoutTemplate.swift; sourceTree = "<group>"; };
		AB000005 /* Workout.swift */ = {isa = PBXFileReference; lastKnownFileType = sourcecode.swift; path = Workout.swift; sourceTree = "<group>"; };
		AB000006 /* ExerciseLog.swift */ = {isa = PBXFileReference; lastKnownFileType = sourcecode.swift; path = ExerciseLog.swift; sourceTree = "<group>"; };
		AB000007 /* WorkoutSet.swift */ = {isa = PBXFileReference; lastKnownFileType = sourcecode.swift; path = WorkoutSet.swift; sourceTree = "<group>"; };
		AB000008 /* TrainView.swift */ = {isa = PBXFileReference; lastKnownFileType = sourcecode.swift; path = TrainView.swift; sourceTree = "<group>"; };
		AB000009 /* TrackView.swift */ = {isa = PBXFileReference; lastKnownFileType = sourcecode.swift; path = TrackView.swift; sourceTree = "<group>"; };
		AB000010 /* YouView.swift */ = {isa = PBXFileReference; lastKnownFileType = sourcecode.swift; path = YouView.swift; sourceTree = "<group>"; };
		AB000011 /* Assets.xcassets */ = {isa = PBXFileReference; lastKnownFileType = folder.assetcatalog; path = Assets.xcassets; sourceTree = "<group>"; };
		AB000012 /* Preview Assets.xcassets */ = {isa = PBXFileReference; lastKnownFileType = folder.assetcatalog; path = "Preview Assets.xcassets"; sourceTree = "<group>"; };
		AB000015 /* ActiveWorkoutView.swift */ = {isa = PBXFileReference; lastKnownFileType = sourcecode.swift; path = ActiveWorkoutView.swift; sourceTree = "<group>"; };
		AB000016 /* SectionHeader.swift */ = {isa = PBXFileReference; lastKnownFileType = sourcecode.swift; path = SectionHeader.swift; sourceTree = "<group>"; };
		AB000017 /* ExerciseSeed.swift */ = {isa = PBXFileReference; lastKnownFileType = sourcecode.swift; path = ExerciseSeed.swift; sourceTree = "<group>"; };
		AB000018 /* ExerciseLibraryView.swift */ = {isa = PBXFileReference; lastKnownFileType = sourcecode.swift; path = ExerciseLibraryView.swift; sourceTree = "<group>"; };
		AB000019 /* TemplateDetailSheet.swift */ = {isa = PBXFileReference; lastKnownFileType = sourcecode.swift; path = TemplateDetailSheet.swift; sourceTree = "<group>"; };
		AB000020 /* TemplateEditorView.swift */ = {isa = PBXFileReference; lastKnownFileType = sourcecode.swift; path = TemplateEditorView.swift; sourceTree = "<group>"; };
		AB000021 /* PreviousPerformance.swift */ = {isa = PBXFileReference; lastKnownFileType = sourcecode.swift; path = PreviousPerformance.swift; sourceTree = "<group>"; };
		AB000022 /* RestTimerView.swift */ = {isa = PBXFileReference; lastKnownFileType = sourcecode.swift; path = RestTimerView.swift; sourceTree = "<group>"; };
		AB000023 /* WorkoutDetailView.swift */ = {isa = PBXFileReference; lastKnownFileType = sourcecode.swift; path = WorkoutDetailView.swift; sourceTree = "<group>"; };
		AB000024 /* TrackedLift.swift */ = {isa = PBXFileReference; lastKnownFileType = sourcecode.swift; path = TrackedLift.swift; sourceTree = "<group>"; };
		AB000025 /* ExerciseLiftDetailView.swift */ = {isa = PBXFileReference; lastKnownFileType = sourcecode.swift; path = ExerciseLiftDetailView.swift; sourceTree = "<group>"; };
		AB000026 /* ABCFavoritVariable-Trial.ttf */ = {isa = PBXFileReference; lastKnownFileType = file; path = "ABCFavoritVariable-Trial.ttf"; sourceTree = "<group>"; };
		AB000027 /* ABCFavoritMonoVariable-Trial.ttf */ = {isa = PBXFileReference; lastKnownFileType = file; path = "ABCFavoritMonoVariable-Trial.ttf"; sourceTree = "<group>"; };
		AB000028 /* Info.plist */ = {isa = PBXFileReference; lastKnownFileType = text.plist.xml; path = Info.plist; sourceTree = "<group>"; };
		AB000029 /* NothingYouCouldDo-Regular.ttf */ = {isa = PBXFileReference; lastKnownFileType = file; path = "NothingYouCouldDo-Regular.ttf"; sourceTree = "<group>"; };
		AC000001 /* Marble.app */ = {isa = PBXFileReference; explicitFileType = wrapper.application; includeInIndex = 0; path = Marble.app; sourceTree = BUILT_PRODUCTS_DIR; };
/* End PBXFileReference section */

/* Begin PBXFrameworksBuildPhase section */
		AD000001 /* Frameworks */ = {
			isa = PBXFrameworksBuildPhase;
			buildActionMask = 2147483647;
			files = (
				86B5C9102FC7923600F756CA /* FirebaseAuth in Frameworks */,
				86B5C9122FC7923600F756CA /* FirebaseFirestore in Frameworks */,
				86B5C9132FC7923600F756CA /* FirebaseStorage in Frameworks */,
			);
			runOnlyForDeploymentPostprocessing = 0;
		};
/* End PBXFrameworksBuildPhase section */

/* Begin PBXGroup section */
		AE000001 = {
			isa = PBXGroup;
			children = (
				AE000002 /* Marble */,
				AE000005 /* Products */,
			);
			sourceTree = "<group>";
		};
		AE000002 /* Marble */ = {
			isa = PBXGroup;
			children = (
				AB000001 /* MarbleApp.swift */,
				AB000002 /* ContentView.swift */,
				AE000003 /* Models */,
				AE000004 /* Views */,
				AE000008 /* Services */,
				AE000009 /* Theme */,
				AE000007 /* Fonts */,
				AB000011 /* Assets.xcassets */,
				AB000028 /* Info.plist */,
				AE000006 /* Preview Content */,
				86B5C90C2FC7915200F756CA /* GoogleService-Info.plist */,
			);
			path = Marble;
			sourceTree = "<group>";
		};
		AE000009 /* Theme */ = {
			isa = PBXGroup;
			children = (
				AB000040 /* MarbleFont.swift */,
				AB000041 /* MarbleColor.swift */,
				AB000042 /* MarbleButtonStyle.swift */,
				AB000050 /* MarbleGlass.swift */,
				AB000052 /* MarbleDate.swift */,
			);
			path = Theme;
			sourceTree = "<group>";
		};
		AE000003 /* Models */ = {
			isa = PBXGroup;
			children = (
				AB000003 /* Exercise.swift */,
				AB000004 /* WorkoutTemplate.swift */,
				AB000005 /* Workout.swift */,
				AB000006 /* ExerciseLog.swift */,
				AB000007 /* WorkoutSet.swift */,
				AB000017 /* ExerciseSeed.swift */,
				AB000021 /* PreviousPerformance.swift */,
				AB000024 /* TrackedLift.swift */,
				AB000030 /* UserProfile.swift */,
				AB000034 /* ProgressPhoto.swift */,
				AB000051 /* BodyweightEntry.swift */,
			);
			path = Models;
			sourceTree = "<group>";
		};
		AE000004 /* Views */ = {
			isa = PBXGroup;
			children = (
				AB000008 /* TrainView.swift */,
				AB000009 /* TrackView.swift */,
				AB000010 /* YouView.swift */,
				AB000015 /* ActiveWorkoutView.swift */,
				AB000016 /* SectionHeader.swift */,
				AB000018 /* ExerciseLibraryView.swift */,
				AB000019 /* TemplateDetailSheet.swift */,
				AB000020 /* TemplateEditorView.swift */,
				AB000022 /* RestTimerView.swift */,
				AB000023 /* WorkoutDetailView.swift */,
				AB000025 /* ExerciseLiftDetailView.swift */,
				AB000032 /* SignInView.swift */,
				AB000036 /* PhotoCaptureSheet.swift */,
				AB000037 /* GallerySection.swift */,
				AB000038 /* OnboardingFlow.swift */,
				AB000039 /* ClosingRitualView.swift */,
				AB000043 /* SettingsView.swift */,
			);
			path = Views;
			sourceTree = "<group>";
		};
		AE000008 /* Services */ = {
			isa = PBXGroup;
			children = (
				AB000031 /* AuthenticationService.swift */,
				AB000033 /* CloudSyncService.swift */,
				AB000035 /* PhotoStorageService.swift */,
			);
			path = Services;
			sourceTree = "<group>";
		};
		AE000005 /* Products */ = {
			isa = PBXGroup;
			children = (
				AC000001 /* Marble.app */,
			);
			name = Products;
			sourceTree = "<group>";
		};
		AE000006 /* Preview Content */ = {
			isa = PBXGroup;
			children = (
				AB000012 /* Preview Assets.xcassets */,
			);
			path = "Preview Content";
			sourceTree = "<group>";
		};
		AE000007 /* Fonts */ = {
			isa = PBXGroup;
			children = (
				AB000026 /* ABCFavoritVariable-Trial.ttf */,
				AB000027 /* ABCFavoritMonoVariable-Trial.ttf */,
				AB000029 /* NothingYouCouldDo-Regular.ttf */,
			);
			path = Fonts;
			sourceTree = "<group>";
		};
/* End PBXGroup section */

/* Begin PBXNativeTarget section */
		AF000001 /* Marble */ = {
			isa = PBXNativeTarget;
			buildConfigurationList = B1000001 /* Build configuration list for PBXNativeTarget "Marble" */;
			buildPhases = (
				B2000001 /* Sources */,
				AD000001 /* Frameworks */,
				B3000001 /* Resources */,
			);
			buildRules = (
			);
			dependencies = (
			);
			name = Marble;
			productName = Marble;
			productReference = AC000001 /* Marble.app */;
			productType = "com.apple.product-type.application";
		};
/* End PBXNativeTarget section */

/* Begin PBXProject section */
		B0000001 /* Project object */ = {
			isa = PBXProject;
			attributes = {
				BuildIndependentTargetsInParallel = 1;
				LastSwiftUpdateCheck = 1540;
				LastUpgradeCheck = 1540;
				TargetAttributes = {
					AF000001 = {
						CreatedOnToolsVersion = 15.4;
					};
				};
			};
			buildConfigurationList = B1000002 /* Build configuration list for PBXProject "Marble" */;
			compatibilityVersion = "Xcode 14.0";
			developmentRegion = en;
			hasScannedForEncodings = 0;
			knownRegions = (
				en,
				Base,
			);
			mainGroup = AE000001;
			packageReferences = (
				86B5C90E2FC7923600F756CA /* XCRemoteSwiftPackageReference "firebase-ios-sdk" */,
			);
			productRefGroup = AE000005 /* Products */;
			projectDirPath = "";
			projectRoot = "";
			targets = (
				AF000001 /* Marble */,
			);
		};
/* End PBXProject section */

/* Begin PBXResourcesBuildPhase section */
		B3000001 /* Resources */ = {
			isa = PBXResourcesBuildPhase;
			buildActionMask = 2147483647;
			files = (
				AA000011 /* Assets.xcassets in Resources */,
				AA000012 /* Preview Assets.xcassets in Resources */,
				AA000026 /* ABCFavoritVariable-Trial.ttf in Resources */,
				AA000027 /* ABCFavoritMonoVariable-Trial.ttf in Resources */,
				AA000029 /* NothingYouCouldDo-Regular.ttf in Resources */,
				86B5C90D2FC7915200F756CA /* GoogleService-Info.plist in Resources */,
			);
			runOnlyForDeploymentPostprocessing = 0;
		};
/* End PBXResourcesBuildPhase section */

/* Begin PBXSourcesBuildPhase section */
		B2000001 /* Sources */ = {
			isa = PBXSourcesBuildPhase;
			buildActionMask = 2147483647;
			files = (
				AA000030 /* UserProfile.swift in Sources */,
				AA000031 /* AuthenticationService.swift in Sources */,
				AA000032 /* SignInView.swift in Sources */,
				AA000033 /* CloudSyncService.swift in Sources */,
				AA000034 /* ProgressPhoto.swift in Sources */,
				AA000035 /* PhotoStorageService.swift in Sources */,
				AA000036 /* PhotoCaptureSheet.swift in Sources */,
				AA000037 /* GallerySection.swift in Sources */,
				AA000038 /* OnboardingFlow.swift in Sources */,
				AA000039 /* ClosingRitualView.swift in Sources */,
				AA000040 /* MarbleFont.swift in Sources */,
				AA000041 /* MarbleColor.swift in Sources */,
				AA000042 /* MarbleButtonStyle.swift in Sources */,
				AA000043 /* SettingsView.swift in Sources */,
				AA000050 /* MarbleGlass.swift in Sources */,
				AA000052 /* MarbleDate.swift in Sources */,
				AA000051 /* BodyweightEntry.swift in Sources */,
				AA000001 /* MarbleApp.swift in Sources */,
				AA000002 /* ContentView.swift in Sources */,
				AA000003 /* Exercise.swift in Sources */,
				AA000004 /* WorkoutTemplate.swift in Sources */,
				AA000005 /* Workout.swift in Sources */,
				AA000006 /* ExerciseLog.swift in Sources */,
				AA000007 /* WorkoutSet.swift in Sources */,
				AA000008 /* TrainView.swift in Sources */,
				AA000009 /* TrackView.swift in Sources */,
				AA000010 /* YouView.swift in Sources */,
				AA000015 /* ActiveWorkoutView.swift in Sources */,
				AA000016 /* SectionHeader.swift in Sources */,
				AA000017 /* ExerciseSeed.swift in Sources */,
				AA000018 /* ExerciseLibraryView.swift in Sources */,
				AA000019 /* TemplateDetailSheet.swift in Sources */,
				AA000020 /* TemplateEditorView.swift in Sources */,
				AA000021 /* PreviousPerformance.swift in Sources */,
				AA000022 /* RestTimerView.swift in Sources */,
				AA000023 /* WorkoutDetailView.swift in Sources */,
				AA000024 /* TrackedLift.swift in Sources */,
				AA000025 /* ExerciseLiftDetailView.swift in Sources */,
			);
			runOnlyForDeploymentPostprocessing = 0;
		};
/* End PBXSourcesBuildPhase section */

/* Begin XCBuildConfiguration section */
		B4000001 /* Debug */ = {
			isa = XCBuildConfiguration;
			buildSettings = {
				ALWAYS_SEARCH_USER_PATHS = NO;
				ASSETCATALOG_COMPILER_GENERATE_SWIFT_ASSET_SYMBOL_EXTENSIONS = YES;
				CLANG_ANALYZER_NONNULL = YES;
				CLANG_ANALYZER_NUMBER_OBJECT_CONVERSION = YES_AGGRESSIVE;
				CLANG_CXX_LANGUAGE_STANDARD = "gnu++20";
				CLANG_ENABLE_MODULES = YES;
				CLANG_ENABLE_OBJC_ARC = YES;
				CLANG_ENABLE_OBJC_WEAK = YES;
				CLANG_WARN_BLOCK_CAPTURE_AUTORELEASING = YES;
				CLANG_WARN_BOOL_CONVERSION = YES;
				CLANG_WARN_COMMA = YES;
				CLANG_WARN_CONSTANT_CONVERSION = YES;
				CLANG_WARN_DEPRECATED_OBJC_IMPLEMENTATIONS = YES;
				CLANG_WARN_DIRECT_OBJC_ISA_USAGE = YES_ERROR;
				CLANG_WARN_DOCUMENTATION_COMMENTS = YES;
				CLANG_WARN_EMPTY_BODY = YES;
				CLANG_WARN_ENUM_CONVERSION = YES;
				CLANG_WARN_INFINITE_RECURSION = YES;
				CLANG_WARN_INT_CONVERSION = YES;
				CLANG_WARN_NON_LITERAL_NULL_CONVERSION = YES;
				CLANG_WARN_OBJC_IMPLICIT_RETAIN_SELF = YES;
				CLANG_WARN_OBJC_LITERAL_CONVERSION = YES;
				CLANG_WARN_OBJC_ROOT_CLASS = YES_ERROR;
				CLANG_WARN_QUOTED_INCLUDE_IN_FRAMEWORK_HEADER = YES;
				CLANG_WARN_RANGE_LOOP_ANALYSIS = YES;
				CLANG_WARN_STRICT_PROTOTYPES = YES;
				CLANG_WARN_SUSPICIOUS_MOVE = YES;
				CLANG_WARN_UNGUARDED_AVAILABILITY = YES_AGGRESSIVE;
				CLANG_WARN_UNREACHABLE_CODE = YES;
				CLANG_WARN__DUPLICATE_METHOD_MATCH = YES;
				COPY_PHASE_STRIP = NO;
				DEBUG_INFORMATION_FORMAT = dwarf;
				ENABLE_STRICT_OBJC_MSGSEND = YES;
				ENABLE_TESTABILITY = YES;
				ENABLE_USER_SCRIPT_SANDBOXING = YES;
				GCC_C_LANGUAGE_STANDARD = gnu17;
				GCC_DYNAMIC_NO_PIC = NO;
				GCC_NO_COMMON_BLOCKS = YES;
				GCC_OPTIMIZATION_LEVEL = 0;
				GCC_PREPROCESSOR_DEFINITIONS = (
					"DEBUG=1",
					"$(inherited)",
				);
				GCC_WARN_64_TO_32_BIT_CONVERSION = YES;
				GCC_WARN_ABOUT_RETURN_TYPE = YES_ERROR;
				GCC_WARN_UNDECLARED_SELECTOR = YES;
				GCC_WARN_UNINITIALIZED_AUTOS = YES_AGGRESSIVE;
				GCC_WARN_UNUSED_FUNCTION = YES;
				GCC_WARN_UNUSED_VARIABLE = YES;
				IPHONEOS_DEPLOYMENT_TARGET = 17.0;
				LOCALIZATION_PREFERS_STRING_CATALOGS = YES;
				MTL_ENABLE_DEBUG_INFO = INCLUDE_SOURCE;
				MTL_FAST_MATH = YES;
				ONLY_ACTIVE_ARCH = YES;
				SDKROOT = iphoneos;
				SWIFT_ACTIVE_COMPILATION_CONDITIONS = "DEBUG $(inherited)";
				SWIFT_OPTIMIZATION_LEVEL = "-Onone";
			};
			name = Debug;
		};
		B4000002 /* Release */ = {
			isa = XCBuildConfiguration;
			buildSettings = {
				ALWAYS_SEARCH_USER_PATHS = NO;
				ASSETCATALOG_COMPILER_GENERATE_SWIFT_ASSET_SYMBOL_EXTENSIONS = YES;
				CLANG_ANALYZER_NONNULL = YES;
				CLANG_ANALYZER_NUMBER_OBJECT_CONVERSION = YES_AGGRESSIVE;
				CLANG_CXX_LANGUAGE_STANDARD = "gnu++20";
				CLANG_ENABLE_MODULES = YES;
				CLANG_ENABLE_OBJC_ARC = YES;
				CLANG_ENABLE_OBJC_WEAK = YES;
				CLANG_WARN_BLOCK_CAPTURE_AUTORELEASING = YES;
				CLANG_WARN_BOOL_CONVERSION = YES;
				CLANG_WARN_COMMA = YES;
				CLANG_WARN_CONSTANT_CONVERSION = YES;
				CLANG_WARN_DEPRECATED_OBJC_IMPLEMENTATIONS = YES;
				CLANG_WARN_DIRECT_OBJC_ISA_USAGE = YES_ERROR;
				CLANG_WARN_DOCUMENTATION_COMMENTS = YES;
				CLANG_WARN_EMPTY_BODY = YES;
				CLANG_WARN_ENUM_CONVERSION = YES;
				CLANG_WARN_INFINITE_RECURSION = YES;
				CLANG_WARN_INT_CONVERSION = YES;
				CLANG_WARN_NON_LITERAL_NULL_CONVERSION = YES;
				CLANG_WARN_OBJC_IMPLICIT_RETAIN_SELF = YES;
				CLANG_WARN_OBJC_LITERAL_CONVERSION = YES;
				CLANG_WARN_OBJC_ROOT_CLASS = YES_ERROR;
				CLANG_WARN_QUOTED_INCLUDE_IN_FRAMEWORK_HEADER = YES;
				CLANG_WARN_RANGE_LOOP_ANALYSIS = YES;
				CLANG_WARN_STRICT_PROTOTYPES = YES;
				CLANG_WARN_SUSPICIOUS_MOVE = YES;
				CLANG_WARN_UNGUARDED_AVAILABILITY = YES_AGGRESSIVE;
				CLANG_WARN_UNREACHABLE_CODE = YES;
				CLANG_WARN__DUPLICATE_METHOD_MATCH = YES;
				COPY_PHASE_STRIP = NO;
				DEBUG_INFORMATION_FORMAT = "dwarf-with-dsym";
				ENABLE_NS_ASSERTIONS = NO;
				ENABLE_STRICT_OBJC_MSGSEND = YES;
				ENABLE_USER_SCRIPT_SANDBOXING = YES;
				GCC_C_LANGUAGE_STANDARD = gnu17;
				GCC_NO_COMMON_BLOCKS = YES;
				GCC_WARN_64_TO_32_BIT_CONVERSION = YES;
				GCC_WARN_ABOUT_RETURN_TYPE = YES_ERROR;
				GCC_WARN_UNDECLARED_SELECTOR = YES;
				GCC_WARN_UNINITIALIZED_AUTOS = YES_AGGRESSIVE;
				GCC_WARN_UNUSED_FUNCTION = YES;
				GCC_WARN_UNUSED_VARIABLE = YES;
				IPHONEOS_DEPLOYMENT_TARGET = 17.0;
				LOCALIZATION_PREFERS_STRING_CATALOGS = YES;
				MTL_ENABLE_DEBUG_INFO = NO;
				MTL_FAST_MATH = YES;
				SDKROOT = iphoneos;
				SWIFT_COMPILATION_MODE = wholemodule;
				VALIDATE_PRODUCT = YES;
			};
			name = Release;
		};
		B4000003 /* Debug */ = {
			isa = XCBuildConfiguration;
			buildSettings = {
				ASSETCATALOG_COMPILER_APPICON_NAME = AppIcon;
				ASSETCATALOG_COMPILER_GLOBAL_ACCENT_COLOR_NAME = AccentColor;
				ASSETCATALOG_COMPILER_INCLUDE_ALL_APPICON_ASSETS = YES;
				CODE_SIGN_IDENTITY = "Apple Development";
				CODE_SIGN_STYLE = Automatic;
				CURRENT_PROJECT_VERSION = 1;
				DEVELOPMENT_ASSET_PATHS = "\"Marble/Preview Content\"";
				DEVELOPMENT_TEAM = DDXURN44D4;
				ENABLE_PREVIEWS = YES;
				GENERATE_INFOPLIST_FILE = YES;
				INFOPLIST_FILE = Marble/Info.plist;
				INFOPLIST_KEY_UIApplicationSceneManifest_Generation = YES;
				INFOPLIST_KEY_UIApplicationSupportsIndirectInputEvents = YES;
				INFOPLIST_KEY_UILaunchScreen_Generation = YES;
				INFOPLIST_KEY_UISupportedInterfaceOrientations_iPad = "UIInterfaceOrientationPortrait UIInterfaceOrientationPortraitUpsideDown UIInterfaceOrientationLandscapeLeft UIInterfaceOrientationLandscapeRight";
				INFOPLIST_KEY_UISupportedInterfaceOrientations_iPhone = "UIInterfaceOrientationPortrait UIInterfaceOrientationLandscapeLeft UIInterfaceOrientationLandscapeRight";
				LD_RUNPATH_SEARCH_PATHS = (
					"$(inherited)",
					"@executable_path/Frameworks",
				);
				MARKETING_VERSION = 1.0;
				PRODUCT_BUNDLE_IDENTIFIER = com.aliahunbaev.Marble;
				PRODUCT_NAME = "$(TARGET_NAME)";
				PROVISIONING_PROFILE_SPECIFIER = "";
				SWIFT_EMIT_LOC_STRINGS = YES;
				SWIFT_VERSION = 5.0;
				TARGETED_DEVICE_FAMILY = "1,2";
			};
			name = Debug;
		};
		B4000004 /* Release */ = {
			isa = XCBuildConfiguration;
			buildSettings = {
				ASSETCATALOG_COMPILER_APPICON_NAME = AppIcon;
				ASSETCATALOG_COMPILER_GLOBAL_ACCENT_COLOR_NAME = AccentColor;
				ASSETCATALOG_COMPILER_INCLUDE_ALL_APPICON_ASSETS = YES;
				CODE_SIGN_IDENTITY = "Apple Development";
				CODE_SIGN_STYLE = Automatic;
				CURRENT_PROJECT_VERSION = 1;
				DEVELOPMENT_ASSET_PATHS = "\"Marble/Preview Content\"";
				DEVELOPMENT_TEAM = DDXURN44D4;
				ENABLE_PREVIEWS = YES;
				GENERATE_INFOPLIST_FILE = YES;
				INFOPLIST_FILE = Marble/Info.plist;
				INFOPLIST_KEY_UIApplicationSceneManifest_Generation = YES;
				INFOPLIST_KEY_UIApplicationSupportsIndirectInputEvents = YES;
				INFOPLIST_KEY_UILaunchScreen_Generation = YES;
				INFOPLIST_KEY_UISupportedInterfaceOrientations_iPad = "UIInterfaceOrientationPortrait UIInterfaceOrientationPortraitUpsideDown UIInterfaceOrientationLandscapeLeft UIInterfaceOrientationLandscapeRight";
				INFOPLIST_KEY_UISupportedInterfaceOrientations_iPhone = "UIInterfaceOrientationPortrait UIInterfaceOrientationLandscapeLeft UIInterfaceOrientationLandscapeRight";
				LD_RUNPATH_SEARCH_PATHS = (
					"$(inherited)",
					"@executable_path/Frameworks",
				);
				MARKETING_VERSION = 1.0;
				PRODUCT_BUNDLE_IDENTIFIER = com.aliahunbaev.Marble;
				PRODUCT_NAME = "$(TARGET_NAME)";
				PROVISIONING_PROFILE_SPECIFIER = "";
				SWIFT_EMIT_LOC_STRINGS = YES;
				SWIFT_VERSION = 5.0;
				TARGETED_DEVICE_FAMILY = "1,2";
			};
			name = Release;
		};
/* End XCBuildConfiguration section */

/* Begin XCConfigurationList section */
		B1000001 /* Build configuration list for PBXNativeTarget "Marble" */ = {
			isa = XCConfigurationList;
			buildConfigurations = (
				B4000003 /* Debug */,
				B4000004 /* Release */,
			);
			defaultConfigurationIsVisible = 0;
			defaultConfigurationName = Release;
		};
		B1000002 /* Build configuration list for PBXProject "Marble" */ = {
			isa = XCConfigurationList;
			buildConfigurations = (
				B4000001 /* Debug */,
				B4000002 /* Release */,
			);
			defaultConfigurationIsVisible = 0;
			defaultConfigurationName = Release;
		};
/* End XCConfigurationList section */

/* Begin XCRemoteSwiftPackageReference section */
		86B5C90E2FC7923600F756CA /* XCRemoteSwiftPackageReference "firebase-ios-sdk" */ = {
			isa = XCRemoteSwiftPackageReference;
			repositoryURL = "https://github.com/firebase/firebase-ios-sdk";
			requirement = {
				kind = upToNextMajorVersion;
				minimumVersion = 12.14.0;
			};
		};
/* End XCRemoteSwiftPackageReference section */

/* Begin XCSwiftPackageProductDependency section */
		86B5C90F2FC7923600F756CA /* FirebaseAuth */ = {
			isa = XCSwiftPackageProductDependency;
			package = 86B5C90E2FC7923600F756CA /* XCRemoteSwiftPackageReference "firebase-ios-sdk" */;
			productName = FirebaseAuth;
		};
		86B5C9112FC7923600F756CA /* FirebaseFirestore */ = {
			isa = XCSwiftPackageProductDependency;
			package = 86B5C90E2FC7923600F756CA /* XCRemoteSwiftPackageReference "firebase-ios-sdk" */;
			productName = FirebaseFirestore;
		};
		86B5C9142FC7923600F756CA /* FirebaseStorage */ = {
			isa = XCSwiftPackageProductDependency;
			package = 86B5C90E2FC7923600F756CA /* XCRemoteSwiftPackageReference "firebase-ios-sdk" */;
			productName = FirebaseStorage;
		};
/* End XCSwiftPackageProductDependency section */
	};
	rootObject = B0000001 /* Project object */;
}
